
Microsoft Visual Studio Solution File, Format Version 12.00
# Visual Studio Version 17
VisualStudioVersion = 17.0.31903.59
MinimumVisualStudioVersion = 10.0.40219.1
Project("{2150E333-8FDC-42A3-9474-1A3956D46DE8}") = "src", "src", "{827E0CD3-B72D-47B6-A68D-7590B98EB39B}"
EndProject
Project("{FAE04EC0-301F-11D3-BF4B-00C04F79EFBC}") = "WinAdmin.Core", "src\WinAdmin.Core\WinAdmin.Core.csproj", "{5A5FAA31-342C-4F6F-85DB-13998F343889}"
EndProject
Project("{FAE04EC0-301F-11D3-BF4B-00C04F79EFBC}") = "WinAdmin.Web", "src\WinAdmin.Web\WinAdmin.Web.csproj", "{BF9B2A5A-174F-44B5-9EA1-1C1347F51449}"
EndProject
Project("{FAE04EC0-301F-11D3-BF4B-00C04F79EFBC}") = "WinAdmin.Desktop", "src\WinAdmin.Desktop\WinAdmin.Desktop.csproj", "{E1C39F97-EF67-4B4A-A0FD-3475AAE0A9BB}"
EndProject
Global
	GlobalSection(SolutionConfigurationPlatforms) = preSolution
		Debug|Any CPU = Debug|Any CPU
		Debug|x64 = Debug|x64
		Debug|x86 = Debug|x86
		Release|Any CPU = Release|Any CPU
		Release|x64 = Release|x64
		Release|x86 = Release|x86
	EndGlobalSection
	GlobalSection(ProjectConfigurationPlatforms) = postSolution
		{5A5FAA31-342C-4F6F-85DB-13998F343889}.Debug|Any CPU.ActiveCfg = Debug|Any CPU
		{5A5FAA31-342C-4F6F-85DB-13998F343889}.Debug|Any CPU.Build.0 = Debug|Any CPU
		{5A5FAA31-342C-4F6F-85DB-13998F343889}.Debug|x64.ActiveCfg = Debug|Any CPU
		{5A5FAA31-342C-4F6F-85DB-13998F343889}.Debug|x64.Build.0 = Debug|Any CPU
		{5A5FAA31-342C-4F6F-85DB-13998F343889}.Debug|x86.ActiveCfg = Debug|Any CPU
		{5A5FAA31-342C-4F6F-85DB-13998F343889}.Debug|x86.Build.0 = Debug|Any CPU
		{5A5FAA31-342C-4F6F-85DB-13998F343889}.Release|Any CPU.ActiveCfg = Release|Any CPU
		{5A5FAA31-342C-4F6F-85DB-13998F343889}.Release|Any CPU.Build.0 = Release|Any CPU
		{5A5FAA31-342C-4F6F-85DB-13998F343889}.Release|x64.ActiveCfg = Release|Any CPU
		{5A5FAA31-342C-4F6F-85DB-13998F343889}.Release|x64.Build.0 = Release|Any CPU
		{5A5FAA31-342C-4F6F-85DB-13998F343889}.Release|x86.ActiveCfg = Release|Any CPU
		{5A5FAA31-342C-4F6F-85DB-13998F343889}.Release|x86.Build.0 = Release|Any CPU
		{BF9B2A5A-174F-44B5-9EA1-1C1347F51449}.Debug|Any CPU.ActiveCfg = Debug|Any CPU
		{BF9B2A5A-174F-44B5-9EA1-1C1347F51449}.Debug|Any CPU.Build.0 = Debug|Any CPU
		{BF9B2A5A-174F-44B5-9EA1-1C1347F51449}.Debug|x64.ActiveCfg = Debug|Any CPU
		{BF9B2A5A-174F-44B5-9EA1-1C1347F51449}.Debug|x64.Build.0 = Debug|Any CPU
		{BF9B2A5A-174F-44B5-9EA1-1C1347F51449}.Debug|x86.ActiveCfg = Debug|Any CPU
		{BF9B2A5A-174F-44B5-9EA1-1C1347F51449}.Debug|x86.Build.0 = Debug|Any CPU
		{BF9B2A5A-174F-44B5-9EA1-1C1347F51449}.Release|Any CPU.ActiveCfg = Release|Any CPU
		{BF9B2A5A-174F-44B5-9EA1-1C1347F51449}.Release|Any CPU.Build.0 = Release|Any CPU
		{BF9B2A5A-174F-44B5-9EA1-1C1347F51449}.Release|x64.ActiveCfg = Release|Any CPU
		{BF9B2A5A-174F-44B5-9EA1-1C1347F51449}.Release|x64.Build.0 = Release|Any CPU
		{BF9B2A5A-174F-44B5-9EA1-1C1347F51449}.Release|x86.ActiveCfg = Release|Any CPU
		{BF9B2A5A-174F-44B5-9EA1-1C1347F51449}.Release|x86.Build.0 = Release|Any CPU
		{E1C39F97-EF67-4B4A-A0FD-3475AAE0A9BB}.Debug|Any CPU.ActiveCfg = Debug|Any CPU
		{E1C39F97-EF67-4B4A-A0FD-3475AAE0A9BB}.Debug|Any CPU.Build.0 = Debug|Any CPU
		{E1C39F97-EF67-4B4A-A0FD-3475AAE0A9BB}.Debug|x64.ActiveCfg = Debug|Any CPU
		{E1C39F97-EF67-4B4A-A0FD-3475AAE0A9BB}.Debug|x64.Build.0 = Debug|Any CPU
		{E1C39F97-EF67-4B4A-A0FD-3475AAE0A9BB}.Debug|x86.ActiveCfg = Debug|Any CPU
		{E1C39F97-EF67-4B4A-A0FD-3475AAE0A9BB}.Debug|x86.Build.0 = Debug|Any CPU
		{E1C39F97-EF67-4B4A-A0FD-3475AAE0A9BB}.Release|Any CPU.ActiveCfg = Release|Any CPU
		{E1C39F97-EF67-4B4A-A0FD-3475AAE0A9BB}.Release|Any CPU.Build.0 = Release|Any CPU
		{E1C39F97-EF67-4B4A-A0FD-3475AAE0A9BB}.Release|x64.ActiveCfg = Release|Any CPU
		{E1C39F97-EF67-4B4A-A0FD-3475AAE0A9BB}.Release|x64.Build.0 = Release|Any CPU
		{E1C39F97-EF67-4B4A-A0FD-3475AAE0A9BB}.Release|x86.ActiveCfg = Release|Any CPU
		{E1C39F97-EF67-4B4A-A0FD-3475AAE0A9BB}.Release|x86.Build.0 = Release|Any CPU
	EndGlobalSection
	GlobalSection(SolutionProperties) = preSolution
		HideSolutionNode = FALSE
	EndGlobalSection
	GlobalSection(NestedProjects) = preSolution
		{5A5FAA31-342C-4F6F-85DB-13998F343889} = {827E0CD3-B72D-47B6-A68D-7590B98EB39B}
		{BF9B2A5A-174F-44B5-9EA1-1C1347F51449} = {827E0CD3-B72D-47B6-A68D-7590B98EB39B}
		{E1C39F97-EF67-4B4A-A0FD-3475AAE0A9BB} = {827E0CD3-B72D-47B6-A68D-7590B98EB39B}
	EndGlobalSection
EndGlobal
